
Microsoft Visual Studio Solution File, Format Version 12.00
# Visual Studio Version 17
VisualStudioVersion = 17.4.33403.182
MinimumVisualStudioVersion = 10.0.40219.1
Project("{FAE04EC0-301F-11D3-BF4B-00C04F79EFBC}") = "SuggestionAppUI", "SuggestionAppUI\SuggestionAppUI.csproj", "{546625AC-834A-49EA-9DE6-3AB2D9EADA73}"
EndProject
Global
	GlobalSection(SolutionConfigurationPlatforms) = preSolution
		Debug|Any CPU = Debug|Any CPU
		Release|Any CPU = Release|Any CPU
	EndGlobalSection
	GlobalSection(ProjectConfigurationPlatforms) = postSolution
		{546625AC-834A-49EA-9DE6-3AB2D9EADA73}.Debug|Any CPU.ActiveCfg = Debug|Any CPU
		{546625AC-834A-49EA-9DE6-3AB2D9EADA73}.Debug|Any CPU.Build.0 = Debug|Any CPU
		{546625AC-834A-49EA-9DE6-3AB2D9EADA73}.Release|Any CPU.ActiveCfg = Release|Any CPU
		{546625AC-834A-49EA-9DE6-3AB2D9EADA73}.Release|Any CPU.Build.0 = Release|Any CPU
	EndGlobalSection
	GlobalSection(SolutionProperties) = preSolution
		HideSolutionNode = FALSE
	EndGlobalSection
	GlobalSection(ExtensibilityGlobals) = postSolution
		SolutionGuid = {A86A200B-FFFF-4A3B-922D-DB0E621F5C37}
	EndGlobalSection
EndGlobal
